
Microsoft Visual Studio Solution File, Format Version 12.00
# Visual Studio Version 17
VisualStudioVersion = 17.3.32929.385
MinimumVisualStudioVersion = 10.0.40219.1
Project("{FAE04EC0-301F-11D3-BF4B-00C04F79EFBC}") = "practica4", "practica4.csproj", "{D08472C3-20F2-4CA1-A331-B17F81DDF5E4}"
EndProject
Global
	GlobalSection(SolutionConfigurationPlatforms) = preSolution
		Debug|Any CPU = Debug|Any CPU
		Release|Any CPU = Release|Any CPU
	EndGlobalSection
	GlobalSection(ProjectConfigurationPlatforms) = postSolution
		{D08472C3-20F2-4CA1-A331-B17F81DDF5E4}.Debug|Any CPU.ActiveCfg = Debug|Any CPU
		{D08472C3-20F2-4CA1-A331-B17F81DDF5E4}.Debug|Any CPU.Build.0 = Debug|Any CPU
		{D08472C3-20F2-4CA1-A331-B17F81DDF5E4}.Release|Any CPU.ActiveCfg = Release|Any CPU
		{D08472C3-20F2-4CA1-A331-B17F81DDF5E4}.Release|Any CPU.Build.0 = Release|Any CPU
	EndGlobalSection
	GlobalSection(SolutionProperties) = preSolution
		HideSolutionNode = FALSE
	EndGlobalSection
	GlobalSection(ExtensibilityGlobals) = postSolution
		SolutionGuid = {13E44D3F-85B5-4EE6-8FC2-DDD30E67D70F}
	EndGlobalSection
EndGlobal
