
Microsoft Visual Studio Solution File, Format Version 12.00
# Visual Studio Version 17
VisualStudioVersion = 17.3.32929.385
MinimumVisualStudioVersion = 10.0.40219.1
Project("{FAE04EC0-301F-11D3-BF4B-00C04F79EFBC}") = "practica7", "practica7.csproj", "{AAD45CBE-D82F-4774-8E73-8755DEE8D5FF}"
EndProject
Global
	GlobalSection(SolutionConfigurationPlatforms) = preSolution
		Debug|Any CPU = Debug|Any CPU
		Release|Any CPU = Release|Any CPU
	EndGlobalSection
	GlobalSection(ProjectConfigurationPlatforms) = postSolution
		{AAD45CBE-D82F-4774-8E73-8755DEE8D5FF}.Debug|Any CPU.ActiveCfg = Debug|Any CPU
		{AAD45CBE-D82F-4774-8E73-8755DEE8D5FF}.Debug|Any CPU.Build.0 = Debug|Any CPU
		{AAD45CBE-D82F-4774-8E73-8755DEE8D5FF}.Release|Any CPU.ActiveCfg = Release|Any CPU
		{AAD45CBE-D82F-4774-8E73-8755DEE8D5FF}.Release|Any CPU.Build.0 = Release|Any CPU
	EndGlobalSection
	GlobalSection(SolutionProperties) = preSolution
		HideSolutionNode = FALSE
	EndGlobalSection
	GlobalSection(ExtensibilityGlobals) = postSolution
		SolutionGuid = {6F802E17-200A-495B-84CE-1850EACEC665}
	EndGlobalSection
EndGlobal
